
Microsoft Visual Studio Solution File, Format Version 12.00
# Visual Studio Version 17
VisualStudioVersion = 17.14.36202.13 d17.14
MinimumVisualStudioVersion = 10.0.40219.1
Project("{FAE04EC0-301F-11D3-BF4B-00C04F79EFBC}") = "webapp", "webapp\webapp.csproj", "{EF531CFE-3124-4587-B211-779919779656}"
EndProject
Global
	GlobalSection(SolutionConfigurationPlatforms) = preSolution
		Debug|Any CPU = Debug|Any CPU
		Release|Any CPU = Release|Any CPU
	EndGlobalSection
	GlobalSection(ProjectConfigurationPlatforms) = postSolution
		{EF531CFE-3124-4587-B211-779919779656}.Debug|Any CPU.ActiveCfg = Debug|Any CPU
		{EF531CFE-3124-4587-B211-779919779656}.Debug|Any CPU.Build.0 = Debug|Any CPU
		{EF531CFE-3124-4587-B211-779919779656}.Release|Any CPU.ActiveCfg = Release|Any CPU
		{EF531CFE-3124-4587-B211-779919779656}.Release|Any CPU.Build.0 = Release|Any CPU
	EndGlobalSection
	GlobalSection(SolutionProperties) = preSolution
		HideSolutionNode = FALSE
	EndGlobalSection
	GlobalSection(ExtensibilityGlobals) = postSolution
		SolutionGuid = {A66B0AB4-BE8B-4835-A5FD-B2187FE83F1B}
	EndGlobalSection
EndGlobal
